
Microsoft Visual Studio Solution File, Format Version 12.00
# Visual Studio 15
VisualStudioVersion = 15.0.27703.2026
MinimumVisualStudioVersion = 10.0.40219.1
Project("{FAE04EC0-301F-11D3-BF4B-00C04F79EFBC}") = "ServiceChecker", "ServiceChecker\ServiceChecker.csproj", "{3C2C0A26-FAE5-4DD9-BAA4-FA4133B3C45B}"
EndProject
Global
	GlobalSection(SolutionConfigurationPlatforms) = preSolution
		Debug|Any CPU = Debug|Any CPU
		Release|Any CPU = Release|Any CPU
	EndGlobalSection
	GlobalSection(ProjectConfigurationPlatforms) = postSolution
		{3C2C0A26-FAE5-4DD9-BAA4-FA4133B3C45B}.Debug|Any CPU.ActiveCfg = Debug|Any CPU
		{3C2C0A26-FAE5-4DD9-BAA4-FA4133B3C45B}.Debug|Any CPU.Build.0 = Debug|Any CPU
		{3C2C0A26-FAE5-4DD9-BAA4-FA4133B3C45B}.Release|Any CPU.ActiveCfg = Release|Any CPU
		{3C2C0A26-FAE5-4DD9-BAA4-FA4133B3C45B}.Release|Any CPU.Build.0 = Release|Any CPU
	EndGlobalSection
	GlobalSection(SolutionProperties) = preSolution
		HideSolutionNode = FALSE
	EndGlobalSection
	GlobalSection(ExtensibilityGlobals) = postSolution
		SolutionGuid = {017B0934-649E-4CCC-B2E2-4C0D59E92F49}
	EndGlobalSection
EndGlobal
